{
  "version": 1,
  "dependencies": {
    "net8.0": {
      "AutoMapper.Extensions.Microsoft.DependencyInjection": {
        "type": "Direct",
        "requested": "[12.0.1, )",
        "resolved": "12.0.1",
        "contentHash": "+g/K+Vpe3gGMKGzjslMOdqNlkikScDjWfVvmWTayrDHaG/n2pPmFBMa+jKX1r/h6BDGFdkyRjAuhFE3ykW+r1g==",
        "dependencies": {
          "AutoMapper": "[12.0.1]",
          "Microsoft.Extensions.Options": "6.0.0"
        }
      },
      "FluentValidation.DependencyInjectionExtensions": {
        "type": "Direct",
        "requested": "[12.0.0, )",
        "resolved": "12.0.0",
        "contentHash": "B28fBRL1UjhGsBC8fwV6YBZosh+SiU1FxdD7l7p5dGPgRlVI7UnM+Lgzmg+unZtV1Zxzpaw96UY2MYfMaAd8cg==",
        "dependencies": {
          "FluentValidation": "12.0.0",
          "Microsoft.Extensions.Dependencyinjection.Abstractions": "2.1.0"
        }
      },
      "MediatR": {
        "type": "Direct",
        "requested": "[13.0.0, )",
        "resolved": "13.0.0",
        "contentHash": "gR5vSoIINsXs86we38qdIfG62f6ngxT2sSaePsakJGHJIgLUDA7b41lujGXGWxX0hWyk8suajr2VKcAYSVMtdw==",
        "dependencies": {
          "MediatR.Contracts": "[2.0.1, 3.0.0)",
          "Microsoft.Extensions.DependencyInjection.Abstractions": "8.0.0",
          "Microsoft.Extensions.Logging": "8.0.0",
          "Microsoft.IdentityModel.JsonWebTokens": "8.0.1"
        }
      },
      "Microsoft.AspNetCore.Http.Features": {
        "type": "Direct",
        "requested": "[5.0.17, )",
        "resolved": "5.0.17",
        "contentHash": "3jG2xS+dx8DDCGV/F+STdPTg89lX3ao3dF/VEPvJaz3wzBIjuadipTtYNEXDIVuOPZwb6jdmhrX9jkzOIBm5cw==",
        "dependencies": {
          "Microsoft.Extensions.Primitives": "5.0.1",
          "System.IO.Pipelines": "5.0.2"
        }
      },
      "Microsoft.EntityFrameworkCore": {
        "type": "Direct",
        "requested": "[9.0.7, )",
        "resolved": "9.0.7",
        "contentHash": "PbD0q5ax15r91jD4TN7xbDCjldZSz4JfpYN4ZZjAkWeUyROkV92Ydg0O2/1keFA+2u3KPsDkJMmBKv2zQ06ZVg==",
        "dependencies": {
          "Microsoft.EntityFrameworkCore.Abstractions": "9.0.7",
          "Microsoft.EntityFrameworkCore.Analyzers": "9.0.7",
          "Microsoft.Extensions.Caching.Memory": "9.0.7",
          "Microsoft.Extensions.Logging": "9.0.7"
        }
      },
      "Microsoft.Extensions.Caching.Memory": {
        "type": "Direct",
        "requested": "[9.0.7, )",
        "resolved": "9.0.7",
        "contentHash": "nDu6c8fwrHQYccLnWnvyElrdkL3rZ97TZNqL+niMFUcApVBHdpDmKcRvciGymJ4Y0iLDTOo5J2XhDQEbNb+dFg==",
        "dependencies": {
          "Microsoft.Extensions.Caching.Abstractions": "9.0.7",
          "Microsoft.Extensions.DependencyInjection.Abstractions": "9.0.7",
          "Microsoft.Extensions.Logging.Abstractions": "9.0.7",
          "Microsoft.Extensions.Options": "9.0.7",
          "Microsoft.Extensions.Primitives": "9.0.7"
        }
      },
      "Microsoft.Extensions.Logging.Abstractions": {
        "type": "Direct",
        "requested": "[9.0.7, )",
        "resolved": "9.0.7",
        "contentHash": "sMM6NEAdUTE/elJ2wqjOi0iBWqZmSyaTByLF9e8XHv6DRJFFnOe0N+s8Uc6C91E4SboQCfLswaBIZ+9ZXA98AA==",
        "dependencies": {
          "Microsoft.Extensions.DependencyInjection.Abstractions": "9.0.7",
          "System.Diagnostics.DiagnosticSource": "9.0.7"
        }
      },
      "QuestPDF": {
        "type": "Direct",
        "requested": "[2025.7.0, )",
        "resolved": "2025.7.0",
        "contentHash": "yRjdm7p300eEuy4Mi9YdMuecl2cvTU/CV+IHHDzw22Uf43/0C2zeG4c+MthZqkpQNJPg0Agha1iBSmLBxX1vHA=="
      },
      "AutoMapper": {
        "type": "Transitive",
        "resolved": "12.0.1",
        "contentHash": "hvV62vl6Hp/WfQ24yzo3Co9+OPl8wH8hApwVtgWpiAynVJkUcs7xvehnSftawL8Pe8FrPffBRM3hwzLQqWDNjA==",
        "dependencies": {
          "Microsoft.CSharp": "4.7.0"
        }
      },
      "FluentValidation": {
        "type": "Transitive",
        "resolved": "12.0.0",
        "contentHash": "8NVLxtMUXynRHJIX3Hn1ACovaqZIJASufXIIFkD0EUbcd5PmMsL1xUD5h548gCezJ5BzlITaR9CAMrGe29aWpA=="
      },
      "MediatR.Contracts": {
        "type": "Transitive",
        "resolved": "2.0.1",
        "contentHash": "FYv95bNT4UwcNA+G/J1oX5OpRiSUxteXaUt2BJbRSdRNiIUNbggJF69wy6mnk2wYToaanpdXZdCwVylt96MpwQ=="
      },
      "Microsoft.CSharp": {
        "type": "Transitive",
        "resolved": "4.7.0",
        "contentHash": "pTj+D3uJWyN3My70i2Hqo+OXixq3Os2D1nJ2x92FFo6sk8fYS1m1WLNTs0Dc1uPaViH0YvEEwvzddQ7y4rhXmA=="
      },
      "Microsoft.EntityFrameworkCore.Abstractions": {
        "type": "Transitive",
        "resolved": "9.0.7",
        "contentHash": "YUXNerEkCf4OANO+zjuMznpUW7R8XxSCqmBfYhBrbrJVc09i84KkNgeUTaOUXCGogSK/3d7ORRhMqfUobnejBg=="
      },
      "Microsoft.EntityFrameworkCore.Analyzers": {
        "type": "Transitive",
        "resolved": "9.0.7",
        "contentHash": "HqiPjAvjVOsyA1svnjL81/Wk2MRQYMK/lxKVWvw0f5IcA//VcxBepVSAqe7CFirdsPXqe8rFKEwZROWZTz7Jqw=="
      },
      "Microsoft.Extensions.Caching.Abstractions": {
        "type": "Transitive",
        "resolved": "9.0.7",
        "contentHash": "30necCQehcg9lFkMEIE7HczcoYGML8GUH6jlincA18d896fLZM9wl5tpTPJHgzANQE/6KXRLZSWbgevgg5csSw==",
        "dependencies": {
          "Microsoft.Extensions.Primitives": "9.0.7"
        }
      },
      "Microsoft.Extensions.DependencyInjection": {
        "type": "Transitive",
        "resolved": "9.0.7",
        "contentHash": "i05AYA91vgq0as84ROVCyltD2gnxaba/f1Qw2rG7mUsS0gv8cPTr1Gm7jPQHq7JTr4MJoQUcanLVs16tIOUJaQ==",
        "dependencies": {
          "Microsoft.Extensions.DependencyInjection.Abstractions": "9.0.7"
        }
      },
      "Microsoft.Extensions.DependencyInjection.Abstractions": {
        "type": "Transitive",
        "resolved": "9.0.7",
        "contentHash": "iPK1FxbGFr2Xb+4Y+dTYI8Gupu9pOi8I3JPuPsrogUmEhe2hzZ9LpCmolMEBhVDo2ikcSr7G5zYiwaapHSQTew=="
      },
      "Microsoft.Extensions.Logging": {
        "type": "Transitive",
        "resolved": "9.0.7",
        "contentHash": "fdIeQpXYV8yxSWG03cCbU2Otdrq4NWuhnQLXokWLv3L9YcK055E7u8WFJvP+uuP4CFeCEoqZQL4yPcjuXhCZrg==",
        "dependencies": {
          "Microsoft.Extensions.DependencyInjection": "9.0.7",
          "Microsoft.Extensions.Logging.Abstractions": "9.0.7",
          "Microsoft.Extensions.Options": "9.0.7"
        }
      },
      "Microsoft.Extensions.Options": {
        "type": "Transitive",
        "resolved": "9.0.7",
        "contentHash": "trJnF6cRWgR5uMmHpGoHmM1wOVFdIYlELlkO9zX+RfieK0321Y55zrcs4AaEymKup7dxgEN/uJU25CAcMNQRXw==",
        "dependencies": {
          "Microsoft.Extensions.DependencyInjection.Abstractions": "9.0.7",
          "Microsoft.Extensions.Primitives": "9.0.7"
        }
      },
      "Microsoft.Extensions.Primitives": {
        "type": "Transitive",
        "resolved": "9.0.7",
        "contentHash": "ti/zD9BuuO50IqlvhWQs9GHxkCmoph5BHjGiWKdg2t6Or8XoyAfRJiKag+uvd/fpASnNklfsB01WpZ4fhAe0VQ=="
      },
      "Microsoft.IdentityModel.Abstractions": {
        "type": "Transitive",
        "resolved": "8.0.1",
        "contentHash": "OtlIWcyX01olfdevPKZdIPfBEvbcioDyBiE/Z2lHsopsMD7twcKtlN9kMevHmI5IIPhFpfwCIiR6qHQz1WHUIw=="
      },
      "Microsoft.IdentityModel.JsonWebTokens": {
        "type": "Transitive",
        "resolved": "8.0.1",
        "contentHash": "s6++gF9x0rQApQzOBbSyp4jUaAlwm+DroKfL8gdOHxs83k8SJfUXhuc46rDB3rNXBQ1MVRxqKUrqFhO/M0E97g==",
        "dependencies": {
          "Microsoft.IdentityModel.Tokens": "8.0.1"
        }
      },
      "Microsoft.IdentityModel.Logging": {
        "type": "Transitive",
        "resolved": "8.0.1",
        "contentHash": "UCPF2exZqBXe7v/6sGNiM6zCQOUXXQ9+v5VTb9gPB8ZSUPnX53BxlN78v2jsbIvK9Dq4GovQxo23x8JgWvm/Qg==",
        "dependencies": {
          "Microsoft.IdentityModel.Abstractions": "8.0.1"
        }
      },
      "Microsoft.IdentityModel.Tokens": {
        "type": "Transitive",
        "resolved": "8.0.1",
        "contentHash": "kDimB6Dkd3nkW2oZPDkMkVHfQt3IDqO5gL0oa8WVy3OP4uE8Ij+8TXnqg9TOd9ufjsY3IDiGz7pCUbnfL18tjg==",
        "dependencies": {
          "Microsoft.IdentityModel.Logging": "8.0.1"
        }
      },
      "System.Diagnostics.DiagnosticSource": {
        "type": "Transitive",
        "resolved": "9.0.7",
        "contentHash": "i0uHOKl+qabSYMpY8i676wgi8TI9D3yJIh9s8eog9xhcIqWiA+8khfYkAumCmTkJNMsI7qV527VTeSiQc6tPWA=="
      },
      "System.IO.Pipelines": {
        "type": "Transitive",
        "resolved": "5.0.2",
        "contentHash": "Iew+dfa6FFiyvWBdRmXApixRY1db+beyutpIck4SOSe0NLM8FD/7AD54MscqVLhvfSMLHO7KadjTRT7fqxOGTA=="
      },
      "harmoni360.domain": {
        "type": "Project",
        "dependencies": {
          "MediatR.Contracts": "[2.0.1, )"
        }
      }
    }
  }
}